// !$*UTF8*$!
{
	archiveVersion = 1;
	classes = {
	};
	objectVersion = 50;
	objects = {

/* Begin PBXBuildFile section */
		1C1BEEA622D8D1E3009F47B8 /* main.swift in Sources */ = {isa = PBXBuildFile; fileRef = 1C1BEEA522D8D1E3009F47B8 /* main.swift */; };
		1C1BEEAC22D8D211009F47B8 /* common.swift in Sources */ = {isa = PBXBuildFile; fileRef = 1C1BEEAB22D8D211009F47B8 /* common.swift */; };
		1C1BEEAD22D8D233009F47B8 /* common.swift in Sources */ = {isa = PBXBuildFile; fileRef = 1C1BEEAB22D8D211009F47B8 /* common.swift */; };
		1C1BEEAE22D8D244009F47B8 /* common.swift in Sources */ = {isa = PBXBuildFile; fileRef = 1C1BEEAB22D8D211009F47B8 /* common.swift */; };
		1CA2F3EB22D781EB0088BAAA /* main.swift in Sources */ = {isa = PBXBuildFile; fileRef = 1CA2F3EA22D781EB0088BAAA /* main.swift */; };
		1CA2F3FB22D794840088BAAA /* main.swift in Sources */ = {isa = PBXBuildFile; fileRef = 1CA2F3FA22D794840088BAAA /* main.swift */; };
/* End PBXBuildFile section */

/* Begin PBXCopyFilesBuildPhase section */
		1C1BEEA122D8D1E3009F47B8 /* CopyFiles */ = {
			isa = PBXCopyFilesBuildPhase;
			buildActionMask = 2147483647;
			dstPath = /usr/share/man/man1/;
			dstSubfolderSpec = 0;
			files = (
			);
			runOnlyForDeploymentPostprocessing = 1;
		};
		1CA2F3E522D781EB0088BAAA /* CopyFiles */ = {
			isa = PBXCopyFilesBuildPhase;
			buildActionMask = 2147483647;
			dstPath = /usr/share/man/man1/;
			dstSubfolderSpec = 0;
			files = (
			);
			runOnlyForDeploymentPostprocessing = 1;
		};
		1CA2F3F622D794840088BAAA /* CopyFiles */ = {
			isa = PBXCopyFilesBuildPhase;
			buildActionMask = 2147483647;
			dstPath = /usr/share/man/man1/;
			dstSubfolderSpec = 0;
			files = (
			);
			runOnlyForDeploymentPostprocessing = 1;
		};
/* End PBXCopyFilesBuildPhase section */

/* Begin PBXFileReference section */
		1C1BEEA322D8D1E3009F47B8 /* pbmovef */ = {isa = PBXFileReference; explicitFileType = "compiled.mach-o.executable"; includeInIndex = 0; path = pbmovef; sourceTree = BUILT_PRODUCTS_DIR; };
		1C1BEEA522D8D1E3009F47B8 /* main.swift */ = {isa = PBXFileReference; lastKnownFileType = sourcecode.swift; path = main.swift; sourceTree = "<group>"; };
		1C1BEEAB22D8D211009F47B8 /* common.swift */ = {isa = PBXFileReference; lastKnownFileType = sourcecode.swift; path = common.swift; sourceTree = "<group>"; };
		1C1BEEAF22D9CB6F009F47B8 /* README.md */ = {isa = PBXFileReference; lastKnownFileType = net.daringfireball.markdown; path = README.md; sourceTree = "<group>"; };
		1CA2F3E722D781EB0088BAAA /* pbcopyf */ = {isa = PBXFileReference; explicitFileType = "compiled.mach-o.executable"; includeInIndex = 0; path = pbcopyf; sourceTree = BUILT_PRODUCTS_DIR; };
		1CA2F3EA22D781EB0088BAAA /* main.swift */ = {isa = PBXFileReference; lastKnownFileType = sourcecode.swift; path = main.swift; sourceTree = "<group>"; };
		1CA2F3F822D794840088BAAA /* pbpastef */ = {isa = PBXFileReference; explicitFileType = "compiled.mach-o.executable"; includeInIndex = 0; path = pbpastef; sourceTree = BUILT_PRODUCTS_DIR; };
		1CA2F3FA22D794840088BAAA /* main.swift */ = {isa = PBXFileReference; lastKnownFileType = sourcecode.swift; path = main.swift; sourceTree = "<group>"; };
/* End PBXFileReference section */

/* Begin PBXFrameworksBuildPhase section */
		1C1BEEA022D8D1E3009F47B8 /* Frameworks */ = {
			isa = PBXFrameworksBuildPhase;
			buildActionMask = 2147483647;
			files = (
			);
			runOnlyForDeploymentPostprocessing = 0;
		};
		1CA2F3E422D781EB0088BAAA /* Frameworks */ = {
			isa = PBXFrameworksBuildPhase;
			buildActionMask = 2147483647;
			files = (
			);
			runOnlyForDeploymentPostprocessing = 0;
		};
		1CA2F3F522D794840088BAAA /* Frameworks */ = {
			isa = PBXFrameworksBuildPhase;
			buildActionMask = 2147483647;
			files = (
			);
			runOnlyForDeploymentPostprocessing = 0;
		};
/* End PBXFrameworksBuildPhase section */

/* Begin PBXGroup section */
		1C1BEEA422D8D1E3009F47B8 /* pbmovef */ = {
			isa = PBXGroup;
			children = (
				1C1BEEA522D8D1E3009F47B8 /* main.swift */,
			);
			path = pbmovef;
			sourceTree = "<group>";
		};
		1C1BEEAA22D8D200009F47B8 /* common */ = {
			isa = PBXGroup;
			children = (
				1C1BEEAB22D8D211009F47B8 /* common.swift */,
			);
			path = common;
			sourceTree = "<group>";
		};
		1CA2F3DE22D781EB0088BAAA = {
			isa = PBXGroup;
			children = (
				1C1BEEAF22D9CB6F009F47B8 /* README.md */,
				1C1BEEAA22D8D200009F47B8 /* common */,
				1CA2F3E922D781EB0088BAAA /* pbcopyf */,
				1CA2F3F922D794840088BAAA /* pbpastef */,
				1C1BEEA422D8D1E3009F47B8 /* pbmovef */,
				1CA2F3E822D781EB0088BAAA /* Products */,
			);
			sourceTree = "<group>";
		};
		1CA2F3E822D781EB0088BAAA /* Products */ = {
			isa = PBXGroup;
			children = (
				1CA2F3E722D781EB0088BAAA /* pbcopyf */,
				1CA2F3F822D794840088BAAA /* pbpastef */,
				1C1BEEA322D8D1E3009F47B8 /* pbmovef */,
			);
			name = Products;
			sourceTree = "<group>";
		};
		1CA2F3E922D781EB0088BAAA /* pbcopyf */ = {
			isa = PBXGroup;
			children = (
				1CA2F3EA22D781EB0088BAAA /* main.swift */,
			);
			path = pbcopyf;
			sourceTree = "<group>";
		};
		1CA2F3F922D794840088BAAA /* pbpastef */ = {
			isa = PBXGroup;
			children = (
				1CA2F3FA22D794840088BAAA /* main.swift */,
			);
			path = pbpastef;
			sourceTree = "<group>";
		};
/* End PBXGroup section */

/* Begin PBXNativeTarget section */
		1C1BEEA222D8D1E3009F47B8 /* pbmovef */ = {
			isa = PBXNativeTarget;
			buildConfigurationList = 1C1BEEA922D8D1E3009F47B8 /* Build configuration list for PBXNativeTarget "pbmovef" */;
			buildPhases = (
				1C1BEEA022D8D1E3009F47B8 /* Frameworks */,
				1C1BEE9F22D8D1E3009F47B8 /* Sources */,
				1C1BEEA122D8D1E3009F47B8 /* CopyFiles */,
			);
			buildRules = (
			);
			dependencies = (
			);
			name = pbmovef;
			productName = pbmovef;
			productReference = 1C1BEEA322D8D1E3009F47B8 /* pbmovef */;
			productType = "com.apple.product-type.tool";
		};
		1CA2F3E622D781EB0088BAAA /* pbcopyf */ = {
			isa = PBXNativeTarget;
			buildConfigurationList = 1CA2F3EE22D781EB0088BAAA /* Build configuration list for PBXNativeTarget "pbcopyf" */;
			buildPhases = (
				1CA2F3E322D781EB0088BAAA /* Sources */,
				1CA2F3E422D781EB0088BAAA /* Frameworks */,
				1CA2F3E522D781EB0088BAAA /* CopyFiles */,
			);
			buildRules = (
			);
			dependencies = (
			);
			name = pbcopyf;
			productName = pbcopyf;
			productReference = 1CA2F3E722D781EB0088BAAA /* pbcopyf */;
			productType = "com.apple.product-type.tool";
		};
		1CA2F3F722D794840088BAAA /* pbpastef */ = {
			isa = PBXNativeTarget;
			buildConfigurationList = 1CA2F3FC22D794840088BAAA /* Build configuration list for PBXNativeTarget "pbpastef" */;
			buildPhases = (
				1CA2F3F422D794840088BAAA /* Sources */,
				1CA2F3F522D794840088BAAA /* Frameworks */,
				1CA2F3F622D794840088BAAA /* CopyFiles */,
			);
			buildRules = (
			);
			dependencies = (
			);
			name = pbpastef;
			productName = pbpastef;
			productReference = 1CA2F3F822D794840088BAAA /* pbpastef */;
			productType = "com.apple.product-type.tool";
		};
/* End PBXNativeTarget section */

/* Begin PBXProject section */
		1CA2F3DF22D781EB0088BAAA /* Project object */ = {
			isa = PBXProject;
			attributes = {
				LastSwiftUpdateCheck = 1000;
				LastUpgradeCheck = 1000;
				ORGANIZATIONNAME = "Yuan Fu";
				TargetAttributes = {
					1C1BEEA222D8D1E3009F47B8 = {
						CreatedOnToolsVersion = 10.0;
					};
					1CA2F3E622D781EB0088BAAA = {
						CreatedOnToolsVersion = 10.0;
					};
					1CA2F3F722D794840088BAAA = {
						CreatedOnToolsVersion = 10.0;
					};
				};
			};
			buildConfigurationList = 1CA2F3E222D781EB0088BAAA /* Build configuration list for PBXProject "pbcopyf" */;
			compatibilityVersion = "Xcode 9.3";
			developmentRegion = en;
			hasScannedForEncodings = 0;
			knownRegions = (
				en,
			);
			mainGroup = 1CA2F3DE22D781EB0088BAAA;
			productRefGroup = 1CA2F3E822D781EB0088BAAA /* Products */;
			projectDirPath = "";
			projectRoot = "";
			targets = (
				1CA2F3E622D781EB0088BAAA /* pbcopyf */,
				1CA2F3F722D794840088BAAA /* pbpastef */,
				1C1BEEA222D8D1E3009F47B8 /* pbmovef */,
			);
		};
/* End PBXProject section */

/* Begin PBXSourcesBuildPhase section */
		1C1BEE9F22D8D1E3009F47B8 /* Sources */ = {
			isa = PBXSourcesBuildPhase;
			buildActionMask = 2147483647;
			files = (
				1C1BEEAE22D8D244009F47B8 /* common.swift in Sources */,
				1C1BEEA622D8D1E3009F47B8 /* main.swift in Sources */,
			);
			runOnlyForDeploymentPostprocessing = 0;
		};
		1CA2F3E322D781EB0088BAAA /* Sources */ = {
			isa = PBXSourcesBuildPhase;
			buildActionMask = 2147483647;
			files = (
				1C1BEEAC22D8D211009F47B8 /* common.swift in Sources */,
				1CA2F3EB22D781EB0088BAAA /* main.swift in Sources */,
			);
			runOnlyForDeploymentPostprocessing = 0;
		};
		1CA2F3F422D794840088BAAA /* Sources */ = {
			isa = PBXSourcesBuildPhase;
			buildActionMask = 2147483647;
			files = (
				1C1BEEAD22D8D233009F47B8 /* common.swift in Sources */,
				1CA2F3FB22D794840088BAAA /* main.swift in Sources */,
			);
			runOnlyForDeploymentPostprocessing = 0;
		};
/* End PBXSourcesBuildPhase section */

/* Begin XCBuildConfiguration section */
		1C1BEEA722D8D1E3009F47B8 /* Debug */ = {
			isa = XCBuildConfiguration;
			buildSettings = {
				CODE_SIGN_IDENTITY = "Mac Developer";
				CODE_SIGN_STYLE = Automatic;
				DEVELOPMENT_TEAM = HLC6DHCQ8V;
				PRODUCT_NAME = "$(TARGET_NAME)";
				PROVISIONING_PROFILE_SPECIFIER = "";
				SWIFT_VERSION = 4.2;
			};
			name = Debug;
		};
		1C1BEEA822D8D1E3009F47B8 /* Release */ = {
			isa = XCBuildConfiguration;
			buildSettings = {
				CODE_SIGN_IDENTITY = "Mac Developer";
				CODE_SIGN_STYLE = Automatic;
				DEVELOPMENT_TEAM = HLC6DHCQ8V;
				PRODUCT_NAME = "$(TARGET_NAME)";
				PROVISIONING_PROFILE_SPECIFIER = "";
				SWIFT_VERSION = 4.2;
			};
			name = Release;
		};
		1CA2F3EC22D781EB0088BAAA /* Debug */ = {
			isa = XCBuildConfiguration;
			buildSettings = {
				ALWAYS_SEARCH_USER_PATHS = NO;
				CLANG_ANALYZER_NONNULL = YES;
				CLANG_ANALYZER_NUMBER_OBJECT_CONVERSION = YES_AGGRESSIVE;
				CLANG_CXX_LANGUAGE_STANDARD = "gnu++14";
				CLANG_CXX_LIBRARY = "libc++";
				CLANG_ENABLE_MODULES = YES;
				CLANG_ENABLE_OBJC_ARC = YES;
				CLANG_ENABLE_OBJC_WEAK = YES;
				CLANG_WARN_BLOCK_CAPTURE_AUTORELEASING = YES;
				CLANG_WARN_BOOL_CONVERSION = YES;
				CLANG_WARN_COMMA = YES;
				CLANG_WARN_CONSTANT_CONVERSION = YES;
				CLANG_WARN_DEPRECATED_OBJC_IMPLEMENTATIONS = YES;
				CLANG_WARN_DIRECT_OBJC_ISA_USAGE = YES_ERROR;
				CLANG_WARN_DOCUMENTATION_COMMENTS = YES;
				CLANG_WARN_EMPTY_BODY = YES;
				CLANG_WARN_ENUM_CONVERSION = YES;
				CLANG_WARN_INFINITE_RECURSION = YES;
				CLANG_WARN_INT_CONVERSION = YES;
				CLANG_WARN_NON_LITERAL_NULL_CONVERSION = YES;
				CLANG_WARN_OBJC_IMPLICIT_RETAIN_SELF = YES;
				CLANG_WARN_OBJC_LITERAL_CONVERSION = YES;
				CLANG_WARN_OBJC_ROOT_CLASS = YES_ERROR;
				CLANG_WARN_RANGE_LOOP_ANALYSIS = YES;
				CLANG_WARN_STRICT_PROTOTYPES = YES;
				CLANG_WARN_SUSPICIOUS_MOVE = YES;
				CLANG_WARN_UNGUARDED_AVAILABILITY = YES_AGGRESSIVE;
				CLANG_WARN_UNREACHABLE_CODE = YES;
				CLANG_WARN__DUPLICATE_METHOD_MATCH = YES;
				CODE_SIGN_IDENTITY = "Mac Developer";
				COPY_PHASE_STRIP = NO;
				DEBUG_INFORMATION_FORMAT = dwarf;
				ENABLE_STRICT_OBJC_MSGSEND = YES;
				ENABLE_TESTABILITY = YES;
				GCC_C_LANGUAGE_STANDARD = gnu11;
				GCC_DYNAMIC_NO_PIC = NO;
				GCC_NO_COMMON_BLOCKS = YES;
				GCC_OPTIMIZATION_LEVEL = 0;
				GCC_PREPROCESSOR_DEFINITIONS = (
					"DEBUG=1",
					"$(inherited)",
				);
				GCC_WARN_64_TO_32_BIT_CONVERSION = YES;
				GCC_WARN_ABOUT_RETURN_TYPE = YES_ERROR;
				GCC_WARN_UNDECLARED_SELECTOR = YES;
				GCC_WARN_UNINITIALIZED_AUTOS = YES_AGGRESSIVE;
				GCC_WARN_UNUSED_FUNCTION = YES;
				GCC_WARN_UNUSED_VARIABLE = YES;
				MACOSX_DEPLOYMENT_TARGET = 10.14;
				MTL_ENABLE_DEBUG_INFO = INCLUDE_SOURCE;
				MTL_FAST_MATH = YES;
				ONLY_ACTIVE_ARCH = YES;
				SDKROOT = macosx;
				SWIFT_ACTIVE_COMPILATION_CONDITIONS = DEBUG;
				SWIFT_OPTIMIZATION_LEVEL = "-Onone";
			};
			name = Debug;
		};
		1CA2F3ED22D781EB0088BAAA /* Release */ = {
			isa = XCBuildConfiguration;
			buildSettings = {
				ALWAYS_SEARCH_USER_PATHS = NO;
				CLANG_ANALYZER_NONNULL = YES;
				CLANG_ANALYZER_NUMBER_OBJECT_CONVERSION = YES_AGGRESSIVE;
				CLANG_CXX_LANGUAGE_STANDARD = "gnu++14";
				CLANG_CXX_LIBRARY = "libc++";
				CLANG_ENABLE_MODULES = YES;
				CLANG_ENABLE_OBJC_ARC = YES;
				CLANG_ENABLE_OBJC_WEAK = YES;
				CLANG_WARN_BLOCK_CAPTURE_AUTORELEASING = YES;
				CLANG_WARN_BOOL_CONVERSION = YES;
				CLANG_WARN_COMMA = YES;
				CLANG_WARN_CONSTANT_CONVERSION = YES;
				CLANG_WARN_DEPRECATED_OBJC_IMPLEMENTATIONS = YES;
				CLANG_WARN_DIRECT_OBJC_ISA_USAGE = YES_ERROR;
				CLANG_WARN_DOCUMENTATION_COMMENTS = YES;
				CLANG_WARN_EMPTY_BODY = YES;
				CLANG_WARN_ENUM_CONVERSION = YES;
				CLANG_WARN_INFINITE_RECURSION = YES;
				CLANG_WARN_INT_CONVERSION = YES;
				CLANG_WARN_NON_LITERAL_NULL_CONVERSION = YES;
				CLANG_WARN_OBJC_IMPLICIT_RETAIN_SELF = YES;
				CLANG_WARN_OBJC_LITERAL_CONVERSION = YES;
				CLANG_WARN_OBJC_ROOT_CLASS = YES_ERROR;
				CLANG_WARN_RANGE_LOOP_ANALYSIS = YES;
				CLANG_WARN_STRICT_PROTOTYPES = YES;
				CLANG_WARN_SUSPICIOUS_MOVE = YES;
				CLANG_WARN_UNGUARDED_AVAILABILITY = YES_AGGRESSIVE;
				CLANG_WARN_UNREACHABLE_CODE = YES;
				CLANG_WARN__DUPLICATE_METHOD_MATCH = YES;
				CODE_SIGN_IDENTITY = "Mac Developer";
				COPY_PHASE_STRIP = NO;
				DEBUG_INFORMATION_FORMAT = "dwarf-with-dsym";
				ENABLE_NS_ASSERTIONS = NO;
				ENABLE_STRICT_OBJC_MSGSEND = YES;
				GCC_C_LANGUAGE_STANDARD = gnu11;
				GCC_NO_COMMON_BLOCKS = YES;
				GCC_WARN_64_TO_32_BIT_CONVERSION = YES;
				GCC_WARN_ABOUT_RETURN_TYPE = YES_ERROR;
				GCC_WARN_UNDECLARED_SELECTOR = YES;
				GCC_WARN_UNINITIALIZED_AUTOS = YES_AGGRESSIVE;
				GCC_WARN_UNUSED_FUNCTION = YES;
				GCC_WARN_UNUSED_VARIABLE = YES;
				MACOSX_DEPLOYMENT_TARGET = 10.14;
				MTL_ENABLE_DEBUG_INFO = NO;
				MTL_FAST_MATH = YES;
				SDKROOT = macosx;
				SWIFT_COMPILATION_MODE = wholemodule;
				SWIFT_OPTIMIZATION_LEVEL = "-O";
			};
			name = Release;
		};
		1CA2F3EF22D781EB0088BAAA /* Debug */ = {
			isa = XCBuildConfiguration;
			buildSettings = {
				CODE_SIGN_STYLE = Automatic;
				DEVELOPMENT_TEAM = HLC6DHCQ8V;
				PRODUCT_NAME = "$(TARGET_NAME)";
				SWIFT_VERSION = 4.2;
			};
			name = Debug;
		};
		1CA2F3F022D781EB0088BAAA /* Release */ = {
			isa = XCBuildConfiguration;
			buildSettings = {
				CODE_SIGN_STYLE = Automatic;
				DEVELOPMENT_TEAM = HLC6DHCQ8V;
				PRODUCT_NAME = "$(TARGET_NAME)";
				SWIFT_VERSION = 4.2;
			};
			name = Release;
		};
		1CA2F3FD22D794840088BAAA /* Debug */ = {
			isa = XCBuildConfiguration;
			buildSettings = {
				CODE_SIGN_STYLE = Automatic;
				DEVELOPMENT_TEAM = HLC6DHCQ8V;
				PRODUCT_NAME = "$(TARGET_NAME)";
				SWIFT_VERSION = 4.2;
			};
			name = Debug;
		};
		1CA2F3FE22D794840088BAAA /* Release */ = {
			isa = XCBuildConfiguration;
			buildSettings = {
				CODE_SIGN_STYLE = Automatic;
				DEVELOPMENT_TEAM = HLC6DHCQ8V;
				PRODUCT_NAME = "$(TARGET_NAME)";
				SWIFT_VERSION = 4.2;
			};
			name = Release;
		};
/* End XCBuildConfiguration section */

/* Begin XCConfigurationList section */
		1C1BEEA922D8D1E3009F47B8 /* Build configuration list for PBXNativeTarget "pbmovef" */ = {
			isa = XCConfigurationList;
			buildConfigurations = (
				1C1BEEA722D8D1E3009F47B8 /* Debug */,
				1C1BEEA822D8D1E3009F47B8 /* Release */,
			);
			defaultConfigurationIsVisible = 0;
			defaultConfigurationName = Release;
		};
		1CA2F3E222D781EB0088BAAA /* Build configuration list for PBXProject "pbcopyf" */ = {
			isa = XCConfigurationList;
			buildConfigurations = (
				1CA2F3EC22D781EB0088BAAA /* Debug */,
				1CA2F3ED22D781EB0088BAAA /* Release */,
			);
			defaultConfigurationIsVisible = 0;
			defaultConfigurationName = Release;
		};
		1CA2F3EE22D781EB0088BAAA /* Build configuration list for PBXNativeTarget "pbcopyf" */ = {
			isa = XCConfigurationList;
			buildConfigurations = (
				1CA2F3EF22D781EB0088BAAA /* Debug */,
				1CA2F3F022D781EB0088BAAA /* Release */,
			);
			defaultConfigurationIsVisible = 0;
			defaultConfigurationName = Release;
		};
		1CA2F3FC22D794840088BAAA /* Build configuration list for PBXNativeTarget "pbpastef" */ = {
			isa = XCConfigurationList;
			buildConfigurations = (
				1CA2F3FD22D794840088BAAA /* Debug */,
				1CA2F3FE22D794840088BAAA /* Release */,
			);
			defaultConfigurationIsVisible = 0;
			defaultConfigurationName = Release;
		};
/* End XCConfigurationList section */
	};
	rootObject = 1CA2F3DF22D781EB0088BAAA /* Project object */;
}
